
Microsoft Visual Studio Solution File, Format Version 12.00
# Visual Studio Version 17
VisualStudioVersion = 17.0.32014.148
MinimumVisualStudioVersion = 10.0.40219.1
Project("{2150E333-8FDC-42A3-9474-1A3956D46DE8}") = "Infrastructure", "Infrastructure", "{DD359374-055E-4809-9ADF-FFB8768388D6}"
EndProject
Project("{2150E333-8FDC-42A3-9474-1A3956D46DE8}") = "Domain", "Domain", "{D452370B-E253-46C8-87EF-7140739C8F05}"
EndProject
Project("{2150E333-8FDC-42A3-9474-1A3956D46DE8}") = "Application", "Application", "{1FEAB7D2-9455-42E1-AB93-5C70E11ADBE7}"
EndProject
Project("{2150E333-8FDC-42A3-9474-1A3956D46DE8}") = "Common", "Common", "{788E6D87-EB09-423F-806A-49FCBF469EBF}"
EndProject
Project("{9A19103F-16F7-4668-BE54-9A1E7A4F7556}") = "BudgetCast.Common", "..\..\Common\BudgetCast.Common\BudgetCast.Common.csproj", "{22246FF5-DF5E-427E-8CCF-CC7DAED55F52}"
EndProject
Project("{9A19103F-16F7-4668-BE54-9A1E7A4F7556}") = "BudgetCast.Common.Application", "..\..\Common\BudgetCast.Common.Application\BudgetCast.Common.Application.csproj", "{98CD4666-5994-4EBB-9855-EFBEC162AE4B}"
EndProject
Project("{9A19103F-16F7-4668-BE54-9A1E7A4F7556}") = "BudgetCast.Common.Web", "..\..\Common\BudgetCast.Common.Web\BudgetCast.Common.Web.csproj", "{63997857-3F35-4613-921A-90FF5DF8F82A}"
EndProject
Project("{2150E333-8FDC-42A3-9474-1A3956D46DE8}") = "Tests", "Tests", "{4D7F02DF-D969-43CD-9CE3-490EC85F142E}"
EndProject
Project("{9A19103F-16F7-4668-BE54-9A1E7A4F7556}") = "BudgetCast.Expenses.Tests.Unit", "tests\BudgetCast.Expenses.Tests.Unit\BudgetCast.Expenses.Tests.Unit.csproj", "{B4D43EE1-47AA-4AA4-8768-CFCB22AF6866}"
EndProject
Project("{9A19103F-16F7-4668-BE54-9A1E7A4F7556}") = "BudgetCast.Common.Application.Tests.Unit", "..\..\Common\BudgetCast.Common.Application.Tests.Unit\BudgetCast.Common.Application.Tests.Unit.csproj", "{D57BB9B0-3A75-4191-864D-EB88806C9D28}"
EndProject
Project("{9A19103F-16F7-4668-BE54-9A1E7A4F7556}") = "BudgetCast.Common.Tests", "..\..\Common\BudgetCast.Common.Tests\BudgetCast.Common.Tests.csproj", "{37CE4542-9CEF-46EF-BE28-FA61EF5F7AC2}"
EndProject
Project("{9A19103F-16F7-4668-BE54-9A1E7A4F7556}") = "BudgetCast.Common.Domain", "..\..\Common\BudgetCast.Common.Domain\BudgetCast.Common.Domain.csproj", "{F4ABAB6A-74AE-4675-BC46-C42FE46CFFF1}"
EndProject
Project("{9A19103F-16F7-4668-BE54-9A1E7A4F7556}") = "BudgetCast.Expenses.Data", "src\BudgetCast.Expenses.Data\BudgetCast.Expenses.Data.csproj", "{6BF9D147-D6A5-4102-87F8-E8D404E2CE12}"
EndProject
Project("{9A19103F-16F7-4668-BE54-9A1E7A4F7556}") = "BudgetCast.Expenses.Queries", "src\BudgetCast.Expenses.Queries\BudgetCast.Expenses.Queries.csproj", "{4035BDC9-2DED-479E-9C41-58CEC80A7427}"
EndProject
Project("{00D1A9C2-B5F0-4AF3-8072-F6C62B433612}") = "BudgetCast.Expenses.Db", "src\BudgetCast.Expenses.Db\BudgetCast.Expenses.Db.sqlproj", "{9A1EBF0E-BC5B-4BD0-A6C5-5810D89A555E}"
EndProject
Project("{9A19103F-16F7-4668-BE54-9A1E7A4F7556}") = "BudgetCast.Expenses.Api", "src\BudgetCast.Expenses.Api\BudgetCast.Expenses.Api.csproj", "{F2041619-94AF-42A6-A8EA-BE67348934D5}"
EndProject
Project("{9A19103F-16F7-4668-BE54-9A1E7A4F7556}") = "BudgetCast.Expenses.Commands", "src\BudgetCast.Expenses.Commands\BudgetCast.Expenses.Commands.csproj", "{4BC8F854-E5D2-40F3-AA60-49A03DB9BC4C}"
EndProject
Project("{9A19103F-16F7-4668-BE54-9A1E7A4F7556}") = "BudgetCast.Expenses.Domain", "src\BudgetCast.Expenses.Domain\BudgetCast.Expenses.Domain.csproj", "{6597B09A-A152-40BB-93B5-2587CA34DCF5}"
EndProject
Project("{FAE04EC0-301F-11D3-BF4B-00C04F79EFBC}") = "BudgetCast.Expenses.Messaging", "src\BudgetCast.Expenses.Messaging\BudgetCast.Expenses.Messaging.csproj", "{9979DDA6-97FD-4DE7-8717-4B03A6A7412F}"
EndProject
Project("{FAE04EC0-301F-11D3-BF4B-00C04F79EFBC}") = "BudgetCast.Common.Messaging.Abstractions", "..\..\Common\BudgetCast.Common.Messaging.Abstractions\BudgetCast.Common.Messaging.Abstractions.csproj", "{D6177FA1-1E3A-41B1-9E50-704E8FA97F0F}"
EndProject
Project("{FAE04EC0-301F-11D3-BF4B-00C04F79EFBC}") = "BudgetCast.Common.Messaging.Azure.ServiceBus", "..\..\Common\BudgetCast.Common.Messaging.Azure.ServiceBus\BudgetCast.Common.Messaging.Azure.ServiceBus.csproj", "{72B771AD-0120-42FF-9470-2E604DC76FA3}"
EndProject
Project("{FAE04EC0-301F-11D3-BF4B-00C04F79EFBC}") = "BudgetCast.Common.Application.Extensions", "..\..\Common\BudgetCast.Common.Application.Extensions\BudgetCast.Common.Application.Extensions.csproj", "{3B44854E-0F86-4330-8EC4-C3ADDB148FB6}"
EndProject
Project("{FAE04EC0-301F-11D3-BF4B-00C04F79EFBC}") = "BudgetCast.Common.Data", "..\..\Common\BudgetCast.Common.Data\BudgetCast.Common.Data.csproj", "{CAFE7EB1-CA8F-4818-AD1A-8F112FA73040}"
EndProject
Global
	GlobalSection(SolutionConfigurationPlatforms) = preSolution
		Debug|Any CPU = Debug|Any CPU
		Release|Any CPU = Release|Any CPU
	EndGlobalSection
	GlobalSection(ProjectConfigurationPlatforms) = postSolution
		{22246FF5-DF5E-427E-8CCF-CC7DAED55F52}.Debug|Any CPU.ActiveCfg = Debug|Any CPU
		{22246FF5-DF5E-427E-8CCF-CC7DAED55F52}.Debug|Any CPU.Build.0 = Debug|Any CPU
		{22246FF5-DF5E-427E-8CCF-CC7DAED55F52}.Release|Any CPU.ActiveCfg = Release|Any CPU
		{22246FF5-DF5E-427E-8CCF-CC7DAED55F52}.Release|Any CPU.Build.0 = Release|Any CPU
		{98CD4666-5994-4EBB-9855-EFBEC162AE4B}.Debug|Any CPU.ActiveCfg = Debug|Any CPU
		{98CD4666-5994-4EBB-9855-EFBEC162AE4B}.Debug|Any CPU.Build.0 = Debug|Any CPU
		{98CD4666-5994-4EBB-9855-EFBEC162AE4B}.Release|Any CPU.ActiveCfg = Release|Any CPU
		{98CD4666-5994-4EBB-9855-EFBEC162AE4B}.Release|Any CPU.Build.0 = Release|Any CPU
		{63997857-3F35-4613-921A-90FF5DF8F82A}.Debug|Any CPU.ActiveCfg = Debug|Any CPU
		{63997857-3F35-4613-921A-90FF5DF8F82A}.Debug|Any CPU.Build.0 = Debug|Any CPU
		{63997857-3F35-4613-921A-90FF5DF8F82A}.Release|Any CPU.ActiveCfg = Release|Any CPU
		{63997857-3F35-4613-921A-90FF5DF8F82A}.Release|Any CPU.Build.0 = Release|Any CPU
		{B4D43EE1-47AA-4AA4-8768-CFCB22AF6866}.Debug|Any CPU.ActiveCfg = Debug|Any CPU
		{B4D43EE1-47AA-4AA4-8768-CFCB22AF6866}.Debug|Any CPU.Build.0 = Debug|Any CPU
		{B4D43EE1-47AA-4AA4-8768-CFCB22AF6866}.Release|Any CPU.ActiveCfg = Release|Any CPU
		{B4D43EE1-47AA-4AA4-8768-CFCB22AF6866}.Release|Any CPU.Build.0 = Release|Any CPU
		{D57BB9B0-3A75-4191-864D-EB88806C9D28}.Debug|Any CPU.ActiveCfg = Debug|Any CPU
		{D57BB9B0-3A75-4191-864D-EB88806C9D28}.Debug|Any CPU.Build.0 = Debug|Any CPU
		{D57BB9B0-3A75-4191-864D-EB88806C9D28}.Release|Any CPU.ActiveCfg = Release|Any CPU
		{D57BB9B0-3A75-4191-864D-EB88806C9D28}.Release|Any CPU.Build.0 = Release|Any CPU
		{37CE4542-9CEF-46EF-BE28-FA61EF5F7AC2}.Debug|Any CPU.ActiveCfg = Debug|Any CPU
		{37CE4542-9CEF-46EF-BE28-FA61EF5F7AC2}.Debug|Any CPU.Build.0 = Debug|Any CPU
		{37CE4542-9CEF-46EF-BE28-FA61EF5F7AC2}.Release|Any CPU.ActiveCfg = Release|Any CPU
		{37CE4542-9CEF-46EF-BE28-FA61EF5F7AC2}.Release|Any CPU.Build.0 = Release|Any CPU
		{F4ABAB6A-74AE-4675-BC46-C42FE46CFFF1}.Debug|Any CPU.ActiveCfg = Debug|Any CPU
		{F4ABAB6A-74AE-4675-BC46-C42FE46CFFF1}.Debug|Any CPU.Build.0 = Debug|Any CPU
		{F4ABAB6A-74AE-4675-BC46-C42FE46CFFF1}.Release|Any CPU.ActiveCfg = Release|Any CPU
		{F4ABAB6A-74AE-4675-BC46-C42FE46CFFF1}.Release|Any CPU.Build.0 = Release|Any CPU
		{6BF9D147-D6A5-4102-87F8-E8D404E2CE12}.Debug|Any CPU.ActiveCfg = Debug|Any CPU
		{6BF9D147-D6A5-4102-87F8-E8D404E2CE12}.Debug|Any CPU.Build.0 = Debug|Any CPU
		{6BF9D147-D6A5-4102-87F8-E8D404E2CE12}.Release|Any CPU.ActiveCfg = Release|Any CPU
		{6BF9D147-D6A5-4102-87F8-E8D404E2CE12}.Release|Any CPU.Build.0 = Release|Any CPU
		{4035BDC9-2DED-479E-9C41-58CEC80A7427}.Debug|Any CPU.ActiveCfg = Debug|Any CPU
		{4035BDC9-2DED-479E-9C41-58CEC80A7427}.Debug|Any CPU.Build.0 = Debug|Any CPU
		{4035BDC9-2DED-479E-9C41-58CEC80A7427}.Release|Any CPU.ActiveCfg = Release|Any CPU
		{4035BDC9-2DED-479E-9C41-58CEC80A7427}.Release|Any CPU.Build.0 = Release|Any CPU
		{9A1EBF0E-BC5B-4BD0-A6C5-5810D89A555E}.Debug|Any CPU.ActiveCfg = Debug|Any CPU
		{9A1EBF0E-BC5B-4BD0-A6C5-5810D89A555E}.Debug|Any CPU.Build.0 = Debug|Any CPU
		{9A1EBF0E-BC5B-4BD0-A6C5-5810D89A555E}.Debug|Any CPU.Deploy.0 = Debug|Any CPU
		{9A1EBF0E-BC5B-4BD0-A6C5-5810D89A555E}.Release|Any CPU.ActiveCfg = Release|Any CPU
		{9A1EBF0E-BC5B-4BD0-A6C5-5810D89A555E}.Release|Any CPU.Build.0 = Release|Any CPU
		{9A1EBF0E-BC5B-4BD0-A6C5-5810D89A555E}.Release|Any CPU.Deploy.0 = Release|Any CPU
		{F2041619-94AF-42A6-A8EA-BE67348934D5}.Debug|Any CPU.ActiveCfg = Debug|Any CPU
		{F2041619-94AF-42A6-A8EA-BE67348934D5}.Debug|Any CPU.Build.0 = Debug|Any CPU
		{F2041619-94AF-42A6-A8EA-BE67348934D5}.Release|Any CPU.ActiveCfg = Release|Any CPU
		{F2041619-94AF-42A6-A8EA-BE67348934D5}.Release|Any CPU.Build.0 = Release|Any CPU
		{4BC8F854-E5D2-40F3-AA60-49A03DB9BC4C}.Debug|Any CPU.ActiveCfg = Debug|Any CPU
		{4BC8F854-E5D2-40F3-AA60-49A03DB9BC4C}.Debug|Any CPU.Build.0 = Debug|Any CPU
		{4BC8F854-E5D2-40F3-AA60-49A03DB9BC4C}.Release|Any CPU.ActiveCfg = Release|Any CPU
		{4BC8F854-E5D2-40F3-AA60-49A03DB9BC4C}.Release|Any CPU.Build.0 = Release|Any CPU
		{6597B09A-A152-40BB-93B5-2587CA34DCF5}.Debug|Any CPU.ActiveCfg = Debug|Any CPU
		{6597B09A-A152-40BB-93B5-2587CA34DCF5}.Debug|Any CPU.Build.0 = Debug|Any CPU
		{6597B09A-A152-40BB-93B5-2587CA34DCF5}.Release|Any CPU.ActiveCfg = Release|Any CPU
		{6597B09A-A152-40BB-93B5-2587CA34DCF5}.Release|Any CPU.Build.0 = Release|Any CPU
		{9979DDA6-97FD-4DE7-8717-4B03A6A7412F}.Debug|Any CPU.ActiveCfg = Debug|Any CPU
		{9979DDA6-97FD-4DE7-8717-4B03A6A7412F}.Debug|Any CPU.Build.0 = Debug|Any CPU
		{9979DDA6-97FD-4DE7-8717-4B03A6A7412F}.Release|Any CPU.ActiveCfg = Release|Any CPU
		{9979DDA6-97FD-4DE7-8717-4B03A6A7412F}.Release|Any CPU.Build.0 = Release|Any CPU
		{D6177FA1-1E3A-41B1-9E50-704E8FA97F0F}.Debug|Any CPU.ActiveCfg = Debug|Any CPU
		{D6177FA1-1E3A-41B1-9E50-704E8FA97F0F}.Debug|Any CPU.Build.0 = Debug|Any CPU
		{D6177FA1-1E3A-41B1-9E50-704E8FA97F0F}.Release|Any CPU.ActiveCfg = Release|Any CPU
		{D6177FA1-1E3A-41B1-9E50-704E8FA97F0F}.Release|Any CPU.Build.0 = Release|Any CPU
		{72B771AD-0120-42FF-9470-2E604DC76FA3}.Debug|Any CPU.ActiveCfg = Debug|Any CPU
		{72B771AD-0120-42FF-9470-2E604DC76FA3}.Debug|Any CPU.Build.0 = Debug|Any CPU
		{72B771AD-0120-42FF-9470-2E604DC76FA3}.Release|Any CPU.ActiveCfg = Release|Any CPU
		{72B771AD-0120-42FF-9470-2E604DC76FA3}.Release|Any CPU.Build.0 = Release|Any CPU
		{3B44854E-0F86-4330-8EC4-C3ADDB148FB6}.Debug|Any CPU.ActiveCfg = Debug|Any CPU
		{3B44854E-0F86-4330-8EC4-C3ADDB148FB6}.Debug|Any CPU.Build.0 = Debug|Any CPU
		{3B44854E-0F86-4330-8EC4-C3ADDB148FB6}.Release|Any CPU.ActiveCfg = Release|Any CPU
		{3B44854E-0F86-4330-8EC4-C3ADDB148FB6}.Release|Any CPU.Build.0 = Release|Any CPU
		{CAFE7EB1-CA8F-4818-AD1A-8F112FA73040}.Debug|Any CPU.ActiveCfg = Debug|Any CPU
		{CAFE7EB1-CA8F-4818-AD1A-8F112FA73040}.Debug|Any CPU.Build.0 = Debug|Any CPU
		{CAFE7EB1-CA8F-4818-AD1A-8F112FA73040}.Release|Any CPU.ActiveCfg = Release|Any CPU
		{CAFE7EB1-CA8F-4818-AD1A-8F112FA73040}.Release|Any CPU.Build.0 = Release|Any CPU
	EndGlobalSection
	GlobalSection(SolutionProperties) = preSolution
		HideSolutionNode = FALSE
	EndGlobalSection
	GlobalSection(NestedProjects) = preSolution
		{22246FF5-DF5E-427E-8CCF-CC7DAED55F52} = {788E6D87-EB09-423F-806A-49FCBF469EBF}
		{98CD4666-5994-4EBB-9855-EFBEC162AE4B} = {788E6D87-EB09-423F-806A-49FCBF469EBF}
		{63997857-3F35-4613-921A-90FF5DF8F82A} = {788E6D87-EB09-423F-806A-49FCBF469EBF}
		{B4D43EE1-47AA-4AA4-8768-CFCB22AF6866} = {4D7F02DF-D969-43CD-9CE3-490EC85F142E}
		{D57BB9B0-3A75-4191-864D-EB88806C9D28} = {788E6D87-EB09-423F-806A-49FCBF469EBF}
		{37CE4542-9CEF-46EF-BE28-FA61EF5F7AC2} = {788E6D87-EB09-423F-806A-49FCBF469EBF}
		{F4ABAB6A-74AE-4675-BC46-C42FE46CFFF1} = {788E6D87-EB09-423F-806A-49FCBF469EBF}
		{6BF9D147-D6A5-4102-87F8-E8D404E2CE12} = {DD359374-055E-4809-9ADF-FFB8768388D6}
		{4035BDC9-2DED-479E-9C41-58CEC80A7427} = {1FEAB7D2-9455-42E1-AB93-5C70E11ADBE7}
		{9A1EBF0E-BC5B-4BD0-A6C5-5810D89A555E} = {DD359374-055E-4809-9ADF-FFB8768388D6}
		{F2041619-94AF-42A6-A8EA-BE67348934D5} = {DD359374-055E-4809-9ADF-FFB8768388D6}
		{4BC8F854-E5D2-40F3-AA60-49A03DB9BC4C} = {1FEAB7D2-9455-42E1-AB93-5C70E11ADBE7}
		{6597B09A-A152-40BB-93B5-2587CA34DCF5} = {D452370B-E253-46C8-87EF-7140739C8F05}
		{9979DDA6-97FD-4DE7-8717-4B03A6A7412F} = {1FEAB7D2-9455-42E1-AB93-5C70E11ADBE7}
		{D6177FA1-1E3A-41B1-9E50-704E8FA97F0F} = {788E6D87-EB09-423F-806A-49FCBF469EBF}
		{72B771AD-0120-42FF-9470-2E604DC76FA3} = {788E6D87-EB09-423F-806A-49FCBF469EBF}
		{3B44854E-0F86-4330-8EC4-C3ADDB148FB6} = {788E6D87-EB09-423F-806A-49FCBF469EBF}
		{CAFE7EB1-CA8F-4818-AD1A-8F112FA73040} = {788E6D87-EB09-423F-806A-49FCBF469EBF}
	EndGlobalSection
	GlobalSection(ExtensibilityGlobals) = postSolution
		SolutionGuid = {F5045AC5-A2C9-480C-9373-33E83F4DB204}
	EndGlobalSection
EndGlobal
